# @generated by Move, please check-in and do not edit manually.

[move]
version = 3
manifest_digest = "88351A3D3F88D01A364F942968D7302ABA3B8E197E8CA2A2DC1AF5C60A5F0F6D"
deps_digest = "F8BBB0CCB2491CA29A3DF03D6F92277A4F3574266507ACD77214D37ECA3F3082"
dependencies = [
  { id = "Sui", name = "Sui" },
]

[[move.package]]
id = "MoveStdlib"
source = { git = "https://github.com/MystenLabs/sui.git", rev = "testnet", subdir = "crates/sui-framework/packages/move-stdlib" }

[[move.package]]
id = "Sui"
source = { git = "https://github.com/MystenLabs/sui.git", rev = "testnet", subdir = "crates/sui-framework/packages/sui-framework" }

dependencies = [
  { id = "MoveStdlib", name = "MoveStdlib" },
]

[move.toolchain-version]
compiler-version = "1.36.2"
edition = "2024.beta"
flavor = "sui"

[env]

[env.testnet]
chain-id = "4c78adac"
original-published-id = "0xf750a555c629f6d3b5bad4e9bd692b539864ca9b5df2b42ee68d6194c74eb49b"
latest-published-id = "0xf750a555c629f6d3b5bad4e9bd692b539864ca9b5df2b42ee68d6194c74eb49b"
published-version = "1"
